
Microsoft Visual Studio Solution File, Format Version 12.00
Project("{FAE04EC0-301F-11D3-BF4B-00C04F79EFBC}") = "DesignPatterns", "DesignPatterns\DesignPatterns.csproj", "{3ADCFC18-FDA5-4737-867E-6B1C3B1D0878}"
EndProject
Global
	GlobalSection(SolutionConfigurationPlatforms) = preSolution
		Debug|Any CPU = Debug|Any CPU
		Release|Any CPU = Release|Any CPU
	EndGlobalSection
	GlobalSection(ProjectConfigurationPlatforms) = postSolution
		{3ADCFC18-FDA5-4737-867E-6B1C3B1D0878}.Debug|Any CPU.ActiveCfg = Debug|Any CPU
		{3ADCFC18-FDA5-4737-867E-6B1C3B1D0878}.Debug|Any CPU.Build.0 = Debug|Any CPU
		{3ADCFC18-FDA5-4737-867E-6B1C3B1D0878}.Release|Any CPU.ActiveCfg = Release|Any CPU
		{3ADCFC18-FDA5-4737-867E-6B1C3B1D0878}.Release|Any CPU.Build.0 = Release|Any CPU
	EndGlobalSection
EndGlobal
